PODS:
  - Parallaxer (2.0.0)

DEPENDENCIES:
  - Parallaxer (from `https://github.com/Parallaxer/Parallaxer.git`)

EXTERNAL SOURCES:
  Parallaxer:
    :git: https://github.com/Parallaxer/Parallaxer.git

CHECKOUT OPTIONS:
  Parallaxer:
    :commit: cdd56a87a7dee0266bcd165d989a142fd42b5d4a
    :git: https://github.com/Parallaxer/Parallaxer.git

SPEC CHECKSUMS:
  Parallaxer: 8e7260c766bc4c2ff9eb435eb717e56ad75c04d7

PODFILE CHECKSUM: 261d5afdb01352d13c45ccb5e803bd6823e9224a

COCOAPODS: 1.1.0.beta.1
