PODS:
  - Parallaxer (4.0.0):
    - Parallaxer/Core (= 4.0.0)
  - Parallaxer/Base (4.0.0)
  - Parallaxer/Core (4.0.0):
    - Parallaxer/Base
    - Parallaxer/Rx
  - Parallaxer/Rx (4.0.0):
    - RxCocoa
    - RxSwift
  - RxCocoa (5.0.0):
    - RxRelay (~> 5)
    - RxSwift (~> 5)
  - RxRelay (5.0.0):
    - RxSwift (~> 5)
  - RxSwift (5.0.0)

DEPENDENCIES:
  - Parallaxer (from `https://github.com/Parallaxer/Parallaxer`, branch `rx`)

SPEC REPOS:
  https://github.com/cocoapods/specs.git:
    - RxCocoa
    - RxRelay
    - RxSwift

EXTERNAL SOURCES:
  Parallaxer:
    :branch: rx
    :git: https://github.com/Parallaxer/Parallaxer

CHECKOUT OPTIONS:
  Parallaxer:
    :commit: db0ef5e5fb125be9aec26977dbb650ed87f895ec
    :git: https://github.com/Parallaxer/Parallaxer

SPEC CHECKSUMS:
  Parallaxer: 48119a807d6e0e0f4a6cf8e3585775a9eed79784
  RxCocoa: fcf32050ac00d801f34a7f71d5e8e7f23026dcd8
  RxRelay: 4f7409406a51a55cd88483f21ed898c234d60f18
  RxSwift: 8b0671caa829a763bbce7271095859121cbd895f

PODFILE CHECKSUM: cdb8be310a4dddaa796b34d363e7bd761c243bdd

COCOAPODS: 1.7.5
